// !$*UTF8*$!
{
	archiveVersion = 1;
	classes = {
	};
	objectVersion = 46;
	objects = {

/* Begin PBXBuildFile section */
		2C16F9E31A0552AA00660B06 /* TweetsViewController.m in Sources */ = {isa = PBXBuildFile; fileRef = 2C16F9E11A0552AA00660B06 /* TweetsViewController.m */; };
		2C16F9E41A0552AA00660B06 /* TweetsViewController.xib in Resources */ = {isa = PBXBuildFile; fileRef = 2C16F9E21A0552AA00660B06 /* TweetsViewController.xib */; };
		2C3F941C1A05F12600BAC770 /* TweetCell.m in Sources */ = {isa = PBXBuildFile; fileRef = 2C3F941A1A05F12600BAC770 /* TweetCell.m */; };
		2C3F941D1A05F12600BAC770 /* TweetCell.xib in Resources */ = {isa = PBXBuildFile; fileRef = 2C3F941B1A05F12600BAC770 /* TweetCell.xib */; };
		2C7BBE991A068F8E005674C7 /* ComposeViewController.m in Sources */ = {isa = PBXBuildFile; fileRef = 2C7BBE971A068F8E005674C7 /* ComposeViewController.m */; };
		2C7BBE9A1A068F8E005674C7 /* ComposeViewController.xib in Resources */ = {isa = PBXBuildFile; fileRef = 2C7BBE981A068F8E005674C7 /* ComposeViewController.xib */; };
		2C7BBE9E1A06AA55005674C7 /* TweetViewController.m in Sources */ = {isa = PBXBuildFile; fileRef = 2C7BBE9C1A06AA55005674C7 /* TweetViewController.m */; };
		2C7BBE9F1A06AA55005674C7 /* TweetViewController.xib in Resources */ = {isa = PBXBuildFile; fileRef = 2C7BBE9D1A06AA55005674C7 /* TweetViewController.xib */; };
		2CFE3C641A047E7C00CAD7A2 /* main.m in Sources */ = {isa = PBXBuildFile; fileRef = 2CFE3C631A047E7C00CAD7A2 /* main.m */; };
		2CFE3C671A047E7C00CAD7A2 /* AppDelegate.m in Sources */ = {isa = PBXBuildFile; fileRef = 2CFE3C661A047E7C00CAD7A2 /* AppDelegate.m */; };
		2CFE3C6A1A047E7C00CAD7A2 /* Twitter.xcdatamodeld in Sources */ = {isa = PBXBuildFile; fileRef = 2CFE3C681A047E7C00CAD7A2 /* Twitter.xcdatamodeld */; };
		2CFE3C721A047E7C00CAD7A2 /* Images.xcassets in Resources */ = {isa = PBXBuildFile; fileRef = 2CFE3C711A047E7C00CAD7A2 /* Images.xcassets */; };
		2CFE3C751A047E7C00CAD7A2 /* LaunchScreen.xib in Resources */ = {isa = PBXBuildFile; fileRef = 2CFE3C731A047E7C00CAD7A2 /* LaunchScreen.xib */; };
		2CFE3C8D1A047F2B00CAD7A2 /* LoginViewController.m in Sources */ = {isa = PBXBuildFile; fileRef = 2CFE3C8B1A047F2B00CAD7A2 /* LoginViewController.m */; };
		2CFE3C8E1A047F2B00CAD7A2 /* LoginViewController.xib in Resources */ = {isa = PBXBuildFile; fileRef = 2CFE3C8C1A047F2B00CAD7A2 /* LoginViewController.xib */; };
		2CFE3C911A047FF000CAD7A2 /* TwitterClient.m in Sources */ = {isa = PBXBuildFile; fileRef = 2CFE3C901A047FF000CAD7A2 /* TwitterClient.m */; };
		2CFE3C951A04880E00CAD7A2 /* Tweet.m in Sources */ = {isa = PBXBuildFile; fileRef = 2CFE3C941A04880E00CAD7A2 /* Tweet.m */; };
		2CFE3C981A04881900CAD7A2 /* User.m in Sources */ = {isa = PBXBuildFile; fileRef = 2CFE3C971A04881900CAD7A2 /* User.m */; };
		FCA210473FF64235FCE4825E /* libPods.a in Frameworks */ = {isa = PBXBuildFile; fileRef = EA659BE350FE2807C16FCBA5 /* libPods.a */; };
/* End PBXBuildFile section */

/* Begin PBXContainerItemProxy section */
		2CFE3C7B1A047E7C00CAD7A2 /* PBXContainerItemProxy */ = {
			isa = PBXContainerItemProxy;
			containerPortal = 2CFE3C561A047E7C00CAD7A2 /* Project object */;
			proxyType = 1;
			remoteGlobalIDString = 2CFE3C5D1A047E7C00CAD7A2;
			remoteInfo = Twitter;
		};
/* End PBXContainerItemProxy section */

/* Begin PBXFileReference section */
		2C16F9E01A0552AA00660B06 /* TweetsViewController.h */ = {isa = PBXFileReference; fileEncoding = 4; lastKnownFileType = sourcecode.c.h; path = TweetsViewController.h; sourceTree = "<group>"; };
		2C16F9E11A0552AA00660B06 /* TweetsViewController.m */ = {isa = PBXFileReference; fileEncoding = 4; lastKnownFileType = sourcecode.c.objc; path = TweetsViewController.m; sourceTree = "<group>"; };
		2C16F9E21A0552AA00660B06 /* TweetsViewController.xib */ = {isa = PBXFileReference; fileEncoding = 4; lastKnownFileType = file.xib; path = TweetsViewController.xib; sourceTree = "<group>"; };
		2C3F94191A05F12600BAC770 /* TweetCell.h */ = {isa = PBXFileReference; fileEncoding = 4; lastKnownFileType = sourcecode.c.h; path = TweetCell.h; sourceTree = "<group>"; };
		2C3F941A1A05F12600BAC770 /* TweetCell.m */ = {isa = PBXFileReference; fileEncoding = 4; lastKnownFileType = sourcecode.c.objc; path = TweetCell.m; sourceTree = "<group>"; };
		2C3F941B1A05F12600BAC770 /* TweetCell.xib */ = {isa = PBXFileReference; fileEncoding = 4; lastKnownFileType = file.xib; path = TweetCell.xib; sourceTree = "<group>"; };
		2C7BBE961A068F8E005674C7 /* ComposeViewController.h */ = {isa = PBXFileReference; fileEncoding = 4; lastKnownFileType = sourcecode.c.h; path = ComposeViewController.h; sourceTree = "<group>"; };
		2C7BBE971A068F8E005674C7 /* ComposeViewController.m */ = {isa = PBXFileReference; fileEncoding = 4; lastKnownFileType = sourcecode.c.objc; path = ComposeViewController.m; sourceTree = "<group>"; };
		2C7BBE981A068F8E005674C7 /* ComposeViewController.xib */ = {isa = PBXFileReference; fileEncoding = 4; lastKnownFileType = file.xib; path = ComposeViewController.xib; sourceTree = "<group>"; };
		2C7BBE9B1A06AA55005674C7 /* TweetViewController.h */ = {isa = PBXFileReference; fileEncoding = 4; lastKnownFileType = sourcecode.c.h; path = TweetViewController.h; sourceTree = "<group>"; };
		2C7BBE9C1A06AA55005674C7 /* TweetViewController.m */ = {isa = PBXFileReference; fileEncoding = 4; lastKnownFileType = sourcecode.c.objc; path = TweetViewController.m; sourceTree = "<group>"; };
		2C7BBE9D1A06AA55005674C7 /* TweetViewController.xib */ = {isa = PBXFileReference; fileEncoding = 4; lastKnownFileType = file.xib; path = TweetViewController.xib; sourceTree = "<group>"; };
		2CFE3C5E1A047E7C00CAD7A2 /* Twitter.app */ = {isa = PBXFileReference; explicitFileType = wrapper.application; includeInIndex = 0; path = Twitter.app; sourceTree = BUILT_PRODUCTS_DIR; };
		2CFE3C621A047E7C00CAD7A2 /* Info.plist */ = {isa = PBXFileReference; lastKnownFileType = text.plist.xml; path = Info.plist; sourceTree = "<group>"; };
		2CFE3C631A047E7C00CAD7A2 /* main.m */ = {isa = PBXFileReference; lastKnownFileType = sourcecode.c.objc; path = main.m; sourceTree = "<group>"; };
		2CFE3C651A047E7C00CAD7A2 /* AppDelegate.h */ = {isa = PBXFileReference; lastKnownFileType = sourcecode.c.h; path = AppDelegate.h; sourceTree = "<group>"; };
		2CFE3C661A047E7C00CAD7A2 /* AppDelegate.m */ = {isa = PBXFileReference; lastKnownFileType = sourcecode.c.objc; path = AppDelegate.m; sourceTree = "<group>"; };
		2CFE3C691A047E7C00CAD7A2 /* Twitter.xcdatamodel */ = {isa = PBXFileReference; lastKnownFileType = wrapper.xcdatamodel; path = Twitter.xcdatamodel; sourceTree = "<group>"; };
		2CFE3C711A047E7C00CAD7A2 /* Images.xcassets */ = {isa = PBXFileReference; lastKnownFileType = folder.assetcatalog; path = Images.xcassets; sourceTree = "<group>"; };
		2CFE3C741A047E7C00CAD7A2 /* Base */ = {isa = PBXFileReference; lastKnownFileType = file.xib; name = Base; path = Base.lproj/LaunchScreen.xib; sourceTree = "<group>"; };
		2CFE3C7A1A047E7C00CAD7A2 /* TwitterTests.xctest */ = {isa = PBXFileReference; explicitFileType = wrapper.cfbundle; includeInIndex = 0; path = TwitterTests.xctest; sourceTree = BUILT_PRODUCTS_DIR; };
		2CFE3C7F1A047E7C00CAD7A2 /* Info.plist */ = {isa = PBXFileReference; lastKnownFileType = text.plist.xml; path = Info.plist; sourceTree = "<group>"; };
		2CFE3C8A1A047F2B00CAD7A2 /* LoginViewController.h */ = {isa = PBXFileReference; fileEncoding = 4; lastKnownFileType = sourcecode.c.h; path = LoginViewController.h; sourceTree = "<group>"; };
		2CFE3C8B1A047F2B00CAD7A2 /* LoginViewController.m */ = {isa = PBXFileReference; fileEncoding = 4; lastKnownFileType = sourcecode.c.objc; path = LoginViewController.m; sourceTree = "<group>"; };
		2CFE3C8C1A047F2B00CAD7A2 /* LoginViewController.xib */ = {isa = PBXFileReference; fileEncoding = 4; lastKnownFileType = file.xib; path = LoginViewController.xib; sourceTree = "<group>"; };
		2CFE3C8F1A047FF000CAD7A2 /* TwitterClient.h */ = {isa = PBXFileReference; fileEncoding = 4; lastKnownFileType = sourcecode.c.h; path = TwitterClient.h; sourceTree = "<group>"; };
		2CFE3C901A047FF000CAD7A2 /* TwitterClient.m */ = {isa = PBXFileReference; fileEncoding = 4; lastKnownFileType = sourcecode.c.objc; path = TwitterClient.m; sourceTree = "<group>"; };
		2CFE3C931A04880E00CAD7A2 /* Tweet.h */ = {isa = PBXFileReference; fileEncoding = 4; lastKnownFileType = sourcecode.c.h; path = Tweet.h; sourceTree = "<group>"; };
		2CFE3C941A04880E00CAD7A2 /* Tweet.m */ = {isa = PBXFileReference; fileEncoding = 4; lastKnownFileType = sourcecode.c.objc; path = Tweet.m; sourceTree = "<group>"; };
		2CFE3C961A04881900CAD7A2 /* User.h */ = {isa = PBXFileReference; fileEncoding = 4; lastKnownFileType = sourcecode.c.h; path = User.h; sourceTree = "<group>"; };
		2CFE3C971A04881900CAD7A2 /* User.m */ = {isa = PBXFileReference; fileEncoding = 4; lastKnownFileType = sourcecode.c.objc; path = User.m; sourceTree = "<group>"; };
		B1500C72DD6E6F430A3D1F8A /* Pods.release.xcconfig */ = {isa = PBXFileReference; includeInIndex = 1; lastKnownFileType = text.xcconfig; name = Pods.release.xcconfig; path = "Pods/Target Support Files/Pods/Pods.release.xcconfig"; sourceTree = "<group>"; };
		CEE0F5688B017FBF8D0C384D /* Pods.debug.xcconfig */ = {isa = PBXFileReference; includeInIndex = 1; lastKnownFileType = text.xcconfig; name = Pods.debug.xcconfig; path = "Pods/Target Support Files/Pods/Pods.debug.xcconfig"; sourceTree = "<group>"; };
		EA659BE350FE2807C16FCBA5 /* libPods.a */ = {isa = PBXFileReference; explicitFileType = archive.ar; includeInIndex = 0; path = libPods.a; sourceTree = BUILT_PRODUCTS_DIR; };
/* End PBXFileReference section */

/* Begin PBXFrameworksBuildPhase section */
		2CFE3C5B1A047E7C00CAD7A2 /* Frameworks */ = {
			isa = PBXFrameworksBuildPhase;
			buildActionMask = 2147483647;
			files = (
				FCA210473FF64235FCE4825E /* libPods.a in Frameworks */,
			);
			runOnlyForDeploymentPostprocessing = 0;
		};
		2CFE3C771A047E7C00CAD7A2 /* Frameworks */ = {
			isa = PBXFrameworksBuildPhase;
			buildActionMask = 2147483647;
			files = (
			);
			runOnlyForDeploymentPostprocessing = 0;
		};
/* End PBXFrameworksBuildPhase section */

/* Begin PBXGroup section */
		1C4A18F0F27123BBE6BE665B /* Frameworks */ = {
			isa = PBXGroup;
			children = (
				EA659BE350FE2807C16FCBA5 /* libPods.a */,
			);
			name = Frameworks;
			sourceTree = "<group>";
		};
		2CFE3C551A047E7C00CAD7A2 = {
			isa = PBXGroup;
			children = (
				2CFE3C601A047E7C00CAD7A2 /* Twitter */,
				2CFE3C7D1A047E7C00CAD7A2 /* TwitterTests */,
				2CFE3C5F1A047E7C00CAD7A2 /* Products */,
				A11817D0D0ABF1FA9A6245A6 /* Pods */,
				1C4A18F0F27123BBE6BE665B /* Frameworks */,
			);
			sourceTree = "<group>";
		};
		2CFE3C5F1A047E7C00CAD7A2 /* Products */ = {
			isa = PBXGroup;
			children = (
				2CFE3C5E1A047E7C00CAD7A2 /* Twitter.app */,
				2CFE3C7A1A047E7C00CAD7A2 /* TwitterTests.xctest */,
			);
			name = Products;
			sourceTree = "<group>";
		};
		2CFE3C601A047E7C00CAD7A2 /* Twitter */ = {
			isa = PBXGroup;
			children = (
				2CFE3C921A0487FA00CAD7A2 /* Models */,
				2CFE3C651A047E7C00CAD7A2 /* AppDelegate.h */,
				2CFE3C661A047E7C00CAD7A2 /* AppDelegate.m */,
				2CFE3C711A047E7C00CAD7A2 /* Images.xcassets */,
				2CFE3C731A047E7C00CAD7A2 /* LaunchScreen.xib */,
				2CFE3C681A047E7C00CAD7A2 /* Twitter.xcdatamodeld */,
				2CFE3C611A047E7C00CAD7A2 /* Supporting Files */,
				2CFE3C8A1A047F2B00CAD7A2 /* LoginViewController.h */,
				2CFE3C8B1A047F2B00CAD7A2 /* LoginViewController.m */,
				2CFE3C8C1A047F2B00CAD7A2 /* LoginViewController.xib */,
				2CFE3C8F1A047FF000CAD7A2 /* TwitterClient.h */,
				2CFE3C901A047FF000CAD7A2 /* TwitterClient.m */,
				2C16F9E01A0552AA00660B06 /* TweetsViewController.h */,
				2C16F9E11A0552AA00660B06 /* TweetsViewController.m */,
				2C16F9E21A0552AA00660B06 /* TweetsViewController.xib */,
				2C3F94191A05F12600BAC770 /* TweetCell.h */,
				2C3F941A1A05F12600BAC770 /* TweetCell.m */,
				2C3F941B1A05F12600BAC770 /* TweetCell.xib */,
				2C7BBE961A068F8E005674C7 /* ComposeViewController.h */,
				2C7BBE971A068F8E005674C7 /* ComposeViewController.m */,
				2C7BBE981A068F8E005674C7 /* ComposeViewController.xib */,
				2C7BBE9B1A06AA55005674C7 /* TweetViewController.h */,
				2C7BBE9C1A06AA55005674C7 /* TweetViewController.m */,
				2C7BBE9D1A06AA55005674C7 /* TweetViewController.xib */,
			);
			path = Twitter;
			sourceTree = "<group>";
		};
		2CFE3C611A047E7C00CAD7A2 /* Supporting Files */ = {
			isa = PBXGroup;
			children = (
				2CFE3C621A047E7C00CAD7A2 /* Info.plist */,
				2CFE3C631A047E7C00CAD7A2 /* main.m */,
			);
			name = "Supporting Files";
			sourceTree = "<group>";
		};
		2CFE3C7D1A047E7C00CAD7A2 /* TwitterTests */ = {
			isa = PBXGroup;
			children = (
				2CFE3C7E1A047E7C00CAD7A2 /* Supporting Files */,
			);
			path = TwitterTests;
			sourceTree = "<group>";
		};
		2CFE3C7E1A047E7C00CAD7A2 /* Supporting Files */ = {
			isa = PBXGroup;
			children = (
				2CFE3C7F1A047E7C00CAD7A2 /* Info.plist */,
			);
			name = "Supporting Files";
			sourceTree = "<group>";
		};
		2CFE3C921A0487FA00CAD7A2 /* Models */ = {
			isa = PBXGroup;
			children = (
				2CFE3C931A04880E00CAD7A2 /* Tweet.h */,
				2CFE3C941A04880E00CAD7A2 /* Tweet.m */,
				2CFE3C961A04881900CAD7A2 /* User.h */,
				2CFE3C971A04881900CAD7A2 /* User.m */,
			);
			name = Models;
			sourceTree = "<group>";
		};
		A11817D0D0ABF1FA9A6245A6 /* Pods */ = {
			isa = PBXGroup;
			children = (
				CEE0F5688B017FBF8D0C384D /* Pods.debug.xcconfig */,
				B1500C72DD6E6F430A3D1F8A /* Pods.release.xcconfig */,
			);
			name = Pods;
			sourceTree = "<group>";
		};
/* End PBXGroup section */

/* Begin PBXNativeTarget section */
		2CFE3C5D1A047E7C00CAD7A2 /* Twitter */ = {
			isa = PBXNativeTarget;
			buildConfigurationList = 2CFE3C841A047E7C00CAD7A2 /* Build configuration list for PBXNativeTarget "Twitter" */;
			buildPhases = (
				0D49423D732D53BE0237B745 /* Check Pods Manifest.lock */,
				2CFE3C5A1A047E7C00CAD7A2 /* Sources */,
				2CFE3C5B1A047E7C00CAD7A2 /* Frameworks */,
				2CFE3C5C1A047E7C00CAD7A2 /* Resources */,
				8865E8202DC688C4C2AB06A6 /* Copy Pods Resources */,
			);
			buildRules = (
			);
			dependencies = (
			);
			name = Twitter;
			productName = Twitter;
			productReference = 2CFE3C5E1A047E7C00CAD7A2 /* Twitter.app */;
			productType = "com.apple.product-type.application";
		};
		2CFE3C791A047E7C00CAD7A2 /* TwitterTests */ = {
			isa = PBXNativeTarget;
			buildConfigurationList = 2CFE3C871A047E7C00CAD7A2 /* Build configuration list for PBXNativeTarget "TwitterTests" */;
			buildPhases = (
				2CFE3C761A047E7C00CAD7A2 /* Sources */,
				2CFE3C771A047E7C00CAD7A2 /* Frameworks */,
				2CFE3C781A047E7C00CAD7A2 /* Resources */,
			);
			buildRules = (
			);
			dependencies = (
				2CFE3C7C1A047E7C00CAD7A2 /* PBXTargetDependency */,
			);
			name = TwitterTests;
			productName = TwitterTests;
			productReference = 2CFE3C7A1A047E7C00CAD7A2 /* TwitterTests.xctest */;
			productType = "com.apple.product-type.bundle.unit-test";
		};
/* End PBXNativeTarget section */

/* Begin PBXProject section */
		2CFE3C561A047E7C00CAD7A2 /* Project object */ = {
			isa = PBXProject;
			attributes = {
				LastUpgradeCheck = 0600;
				ORGANIZATIONNAME = Facebook;
				TargetAttributes = {
					2CFE3C5D1A047E7C00CAD7A2 = {
						CreatedOnToolsVersion = 6.0.1;
					};
					2CFE3C791A047E7C00CAD7A2 = {
						CreatedOnToolsVersion = 6.0.1;
						TestTargetID = 2CFE3C5D1A047E7C00CAD7A2;
					};
				};
			};
			buildConfigurationList = 2CFE3C591A047E7C00CAD7A2 /* Build configuration list for PBXProject "Twitter" */;
			compatibilityVersion = "Xcode 3.2";
			developmentRegion = English;
			hasScannedForEncodings = 0;
			knownRegions = (
				en,
				Base,
			);
			mainGroup = 2CFE3C551A047E7C00CAD7A2;
			productRefGroup = 2CFE3C5F1A047E7C00CAD7A2 /* Products */;
			projectDirPath = "";
			projectRoot = "";
			targets = (
				2CFE3C5D1A047E7C00CAD7A2 /* Twitter */,
				2CFE3C791A047E7C00CAD7A2 /* TwitterTests */,
			);
		};
/* End PBXProject section */

/* Begin PBXResourcesBuildPhase section */
		2CFE3C5C1A047E7C00CAD7A2 /* Resources */ = {
			isa = PBXResourcesBuildPhase;
			buildActionMask = 2147483647;
			files = (
				2C16F9E41A0552AA00660B06 /* TweetsViewController.xib in Resources */,
				2C7BBE9F1A06AA55005674C7 /* TweetViewController.xib in Resources */,
				2C7BBE9A1A068F8E005674C7 /* ComposeViewController.xib in Resources */,
				2C3F941D1A05F12600BAC770 /* TweetCell.xib in Resources */,
				2CFE3C751A047E7C00CAD7A2 /* LaunchScreen.xib in Resources */,
				2CFE3C721A047E7C00CAD7A2 /* Images.xcassets in Resources */,
				2CFE3C8E1A047F2B00CAD7A2 /* LoginViewController.xib in Resources */,
			);
			runOnlyForDeploymentPostprocessing = 0;
		};
		2CFE3C781A047E7C00CAD7A2 /* Resources */ = {
			isa = PBXResourcesBuildPhase;
			buildActionMask = 2147483647;
			files = (
			);
			runOnlyForDeploymentPostprocessing = 0;
		};
/* End PBXResourcesBuildPhase section */

/* Begin PBXShellScriptBuildPhase section */
		0D49423D732D53BE0237B745 /* Check Pods Manifest.lock */ = {
			isa = PBXShellScriptBuildPhase;
			buildActionMask = 2147483647;
			files = (
			);
			inputPaths = (
			);
			name = "Check Pods Manifest.lock";
			outputPaths = (
			);
			runOnlyForDeploymentPostprocessing = 0;
			shellPath = /bin/sh;
			shellScript = "diff \"${PODS_ROOT}/../Podfile.lock\" \"${PODS_ROOT}/Manifest.lock\" > /dev/null\nif [[ $? != 0 ]] ; then\n    cat << EOM\nerror: The sandbox is not in sync with the Podfile.lock. Run 'pod install' or update your CocoaPods installation.\nEOM\n    exit 1\nfi\n";
			showEnvVarsInLog = 0;
		};
		8865E8202DC688C4C2AB06A6 /* Copy Pods Resources */ = {
			isa = PBXShellScriptBuildPhase;
			buildActionMask = 2147483647;
			files = (
			);
			inputPaths = (
			);
			name = "Copy Pods Resources";
			outputPaths = (
			);
			runOnlyForDeploymentPostprocessing = 0;
			shellPath = /bin/sh;
			shellScript = "\"${SRCROOT}/Pods/Target Support Files/Pods/Pods-resources.sh\"\n";
			showEnvVarsInLog = 0;
		};
/* End PBXShellScriptBuildPhase section */

/* Begin PBXSourcesBuildPhase section */
		2CFE3C5A1A047E7C00CAD7A2 /* Sources */ = {
			isa = PBXSourcesBuildPhase;
			buildActionMask = 2147483647;
			files = (
				2C3F941C1A05F12600BAC770 /* TweetCell.m in Sources */,
				2CFE3C8D1A047F2B00CAD7A2 /* LoginViewController.m in Sources */,
				2CFE3C981A04881900CAD7A2 /* User.m in Sources */,
				2C7BBE991A068F8E005674C7 /* ComposeViewController.m in Sources */,
				2CFE3C671A047E7C00CAD7A2 /* AppDelegate.m in Sources */,
				2C7BBE9E1A06AA55005674C7 /* TweetViewController.m in Sources */,
				2CFE3C911A047FF000CAD7A2 /* TwitterClient.m in Sources */,
				2C16F9E31A0552AA00660B06 /* TweetsViewController.m in Sources */,
				2CFE3C951A04880E00CAD7A2 /* Tweet.m in Sources */,
				2CFE3C641A047E7C00CAD7A2 /* main.m in Sources */,
				2CFE3C6A1A047E7C00CAD7A2 /* Twitter.xcdatamodeld in Sources */,
			);
			runOnlyForDeploymentPostprocessing = 0;
		};
		2CFE3C761A047E7C00CAD7A2 /* Sources */ = {
			isa = PBXSourcesBuildPhase;
			buildActionMask = 2147483647;
			files = (
			);
			runOnlyForDeploymentPostprocessing = 0;
		};
/* End PBXSourcesBuildPhase section */

/* Begin PBXTargetDependency section */
		2CFE3C7C1A047E7C00CAD7A2 /* PBXTargetDependency */ = {
			isa = PBXTargetDependency;
			target = 2CFE3C5D1A047E7C00CAD7A2 /* Twitter */;
			targetProxy = 2CFE3C7B1A047E7C00CAD7A2 /* PBXContainerItemProxy */;
		};
/* End PBXTargetDependency section */

/* Begin PBXVariantGroup section */
		2CFE3C731A047E7C00CAD7A2 /* LaunchScreen.xib */ = {
			isa = PBXVariantGroup;
			children = (
				2CFE3C741A047E7C00CAD7A2 /* Base */,
			);
			name = LaunchScreen.xib;
			sourceTree = "<group>";
		};
/* End PBXVariantGroup section */

/* Begin XCBuildConfiguration section */
		2CFE3C821A047E7C00CAD7A2 /* Debug */ = {
			isa = XCBuildConfiguration;
			buildSettings = {
				ALWAYS_SEARCH_USER_PATHS = NO;
				CLANG_CXX_LANGUAGE_STANDARD = "gnu++0x";
				CLANG_CXX_LIBRARY = "libc++";
				CLANG_ENABLE_MODULES = YES;
				CLANG_ENABLE_OBJC_ARC = YES;
				CLANG_WARN_BOOL_CONVERSION = YES;
				CLANG_WARN_CONSTANT_CONVERSION = YES;
				CLANG_WARN_DIRECT_OBJC_ISA_USAGE = YES_ERROR;
				CLANG_WARN_EMPTY_BODY = YES;
				CLANG_WARN_ENUM_CONVERSION = YES;
				CLANG_WARN_INT_CONVERSION = YES;
				CLANG_WARN_OBJC_ROOT_CLASS = YES_ERROR;
				CLANG_WARN_UNREACHABLE_CODE = YES;
				CLANG_WARN__DUPLICATE_METHOD_MATCH = YES;
				"CODE_SIGN_IDENTITY[sdk=iphoneos*]" = "iPhone Developer";
				COPY_PHASE_STRIP = NO;
				ENABLE_STRICT_OBJC_MSGSEND = YES;
				GCC_C_LANGUAGE_STANDARD = gnu99;
				GCC_DYNAMIC_NO_PIC = NO;
				GCC_OPTIMIZATION_LEVEL = 0;
				GCC_PREPROCESSOR_DEFINITIONS = (
					"DEBUG=1",
					"$(inherited)",
				);
				GCC_SYMBOLS_PRIVATE_EXTERN = NO;
				GCC_WARN_64_TO_32_BIT_CONVERSION = YES;
				GCC_WARN_ABOUT_RETURN_TYPE = YES_ERROR;
				GCC_WARN_UNDECLARED_SELECTOR = YES;
				GCC_WARN_UNINITIALIZED_AUTOS = YES_AGGRESSIVE;
				GCC_WARN_UNUSED_FUNCTION = YES;
				GCC_WARN_UNUSED_VARIABLE = YES;
				IPHONEOS_DEPLOYMENT_TARGET = 8.0;
				MTL_ENABLE_DEBUG_INFO = YES;
				ONLY_ACTIVE_ARCH = YES;
				SDKROOT = iphoneos;
				TARGETED_DEVICE_FAMILY = "1,2";
			};
			name = Debug;
		};
		2CFE3C831A047E7C00CAD7A2 /* Release */ = {
			isa = XCBuildConfiguration;
			buildSettings = {
				ALWAYS_SEARCH_USER_PATHS = NO;
				CLANG_CXX_LANGUAGE_STANDARD = "gnu++0x";
				CLANG_CXX_LIBRARY = "libc++";
				CLANG_ENABLE_MODULES = YES;
				CLANG_ENABLE_OBJC_ARC = YES;
				CLANG_WARN_BOOL_CONVERSION = YES;
				CLANG_WARN_CONSTANT_CONVERSION = YES;
				CLANG_WARN_DIRECT_OBJC_ISA_USAGE = YES_ERROR;
				CLANG_WARN_EMPTY_BODY = YES;
				CLANG_WARN_ENUM_CONVERSION = YES;
				CLANG_WARN_INT_CONVERSION = YES;
				CLANG_WARN_OBJC_ROOT_CLASS = YES_ERROR;
				CLANG_WARN_UNREACHABLE_CODE = YES;
				CLANG_WARN__DUPLICATE_METHOD_MATCH = YES;
				"CODE_SIGN_IDENTITY[sdk=iphoneos*]" = "iPhone Developer";
				COPY_PHASE_STRIP = YES;
				ENABLE_NS_ASSERTIONS = NO;
				ENABLE_STRICT_OBJC_MSGSEND = YES;
				GCC_C_LANGUAGE_STANDARD = gnu99;
				GCC_WARN_64_TO_32_BIT_CONVERSION = YES;
				GCC_WARN_ABOUT_RETURN_TYPE = YES_ERROR;
				GCC_WARN_UNDECLARED_SELECTOR = YES;
				GCC_WARN_UNINITIALIZED_AUTOS = YES_AGGRESSIVE;
				GCC_WARN_UNUSED_FUNCTION = YES;
				GCC_WARN_UNUSED_VARIABLE = YES;
				IPHONEOS_DEPLOYMENT_TARGET = 8.0;
				MTL_ENABLE_DEBUG_INFO = NO;
				SDKROOT = iphoneos;
				TARGETED_DEVICE_FAMILY = "1,2";
				VALIDATE_PRODUCT = YES;
			};
			name = Release;
		};
		2CFE3C851A047E7C00CAD7A2 /* Debug */ = {
			isa = XCBuildConfiguration;
			baseConfigurationReference = CEE0F5688B017FBF8D0C384D /* Pods.debug.xcconfig */;
			buildSettings = {
				ASSETCATALOG_COMPILER_APPICON_NAME = AppIcon;
				INFOPLIST_FILE = Twitter/Info.plist;
				LD_RUNPATH_SEARCH_PATHS = "$(inherited) @executable_path/Frameworks";
				PRODUCT_NAME = "$(TARGET_NAME)";
			};
			name = Debug;
		};
		2CFE3C861A047E7C00CAD7A2 /* Release */ = {
			isa = XCBuildConfiguration;
			baseConfigurationReference = B1500C72DD6E6F430A3D1F8A /* Pods.release.xcconfig */;
			buildSettings = {
				ASSETCATALOG_COMPILER_APPICON_NAME = AppIcon;
				INFOPLIST_FILE = Twitter/Info.plist;
				LD_RUNPATH_SEARCH_PATHS = "$(inherited) @executable_path/Frameworks";
				PRODUCT_NAME = "$(TARGET_NAME)";
			};
			name = Release;
		};
		2CFE3C881A047E7C00CAD7A2 /* Debug */ = {
			isa = XCBuildConfiguration;
			buildSettings = {
				BUNDLE_LOADER = "$(TEST_HOST)";
				FRAMEWORK_SEARCH_PATHS = (
					"$(SDKROOT)/Developer/Library/Frameworks",
					"$(inherited)",
				);
				GCC_PREPROCESSOR_DEFINITIONS = (
					"DEBUG=1",
					"$(inherited)",
				);
				INFOPLIST_FILE = TwitterTests/Info.plist;
				LD_RUNPATH_SEARCH_PATHS = "$(inherited) @executable_path/Frameworks @loader_path/Frameworks";
				PRODUCT_NAME = "$(TARGET_NAME)";
				TEST_HOST = "$(BUILT_PRODUCTS_DIR)/Twitter.app/Twitter";
			};
			name = Debug;
		};
		2CFE3C891A047E7C00CAD7A2 /* Release */ = {
			isa = XCBuildConfiguration;
			buildSettings = {
				BUNDLE_LOADER = "$(TEST_HOST)";
				FRAMEWORK_SEARCH_PATHS = (
					"$(SDKROOT)/Developer/Library/Frameworks",
					"$(inherited)",
				);
				INFOPLIST_FILE = TwitterTests/Info.plist;
				LD_RUNPATH_SEARCH_PATHS = "$(inherited) @executable_path/Frameworks @loader_path/Frameworks";
				PRODUCT_NAME = "$(TARGET_NAME)";
				TEST_HOST = "$(BUILT_PRODUCTS_DIR)/Twitter.app/Twitter";
			};
			name = Release;
		};
/* End XCBuildConfiguration section */

/* Begin XCConfigurationList section */
		2CFE3C591A047E7C00CAD7A2 /* Build configuration list for PBXProject "Twitter" */ = {
			isa = XCConfigurationList;
			buildConfigurations = (
				2CFE3C821A047E7C00CAD7A2 /* Debug */,
				2CFE3C831A047E7C00CAD7A2 /* Release */,
			);
			defaultConfigurationIsVisible = 0;
			defaultConfigurationName = Release;
		};
		2CFE3C841A047E7C00CAD7A2 /* Build configuration list for PBXNativeTarget "Twitter" */ = {
			isa = XCConfigurationList;
			buildConfigurations = (
				2CFE3C851A047E7C00CAD7A2 /* Debug */,
				2CFE3C861A047E7C00CAD7A2 /* Release */,
			);
			defaultConfigurationIsVisible = 0;
			defaultConfigurationName = Release;
		};
		2CFE3C871A047E7C00CAD7A2 /* Build configuration list for PBXNativeTarget "TwitterTests" */ = {
			isa = XCConfigurationList;
			buildConfigurations = (
				2CFE3C881A047E7C00CAD7A2 /* Debug */,
				2CFE3C891A047E7C00CAD7A2 /* Release */,
			);
			defaultConfigurationIsVisible = 0;
			defaultConfigurationName = Release;
		};
/* End XCConfigurationList section */

/* Begin XCVersionGroup section */
		2CFE3C681A047E7C00CAD7A2 /* Twitter.xcdatamodeld */ = {
			isa = XCVersionGroup;
			children = (
				2CFE3C691A047E7C00CAD7A2 /* Twitter.xcdatamodel */,
			);
			currentVersion = 2CFE3C691A047E7C00CAD7A2 /* Twitter.xcdatamodel */;
			path = Twitter.xcdatamodeld;
			sourceTree = "<group>";
			versionGroupType = wrapper.xcdatamodel;
		};
/* End XCVersionGroup section */
	};
	rootObject = 2CFE3C561A047E7C00CAD7A2 /* Project object */;
}
